
Microsoft Visual Studio Solution File, Format Version 12.00
# Visual Studio Version 17
VisualStudioVersion = 17.5.33627.172
MinimumVisualStudioVersion = 10.0.40219.1
Project("{2150E333-8FDC-42A3-9474-1A3956D46DE8}") = "Core", "Core", "{FA874C62-28AA-45E0-BB74-D9ED87B37CC1}"
EndProject
Project("{9A19103F-16F7-4668-BE54-9A1E7A4F7556}") = "ETicaretAPI.Domain", "Core\ETicaretAPI.Domain\ETicaretAPI.Domain.csproj", "{0B86A14A-819D-4D74-892F-2F6E173F1274}"
EndProject
Project("{9A19103F-16F7-4668-BE54-9A1E7A4F7556}") = "ETicaretAPI.Application", "Core\ETicaretAPI.Application\ETicaretAPI.Application.csproj", "{50B11823-9315-4FF1-8ABD-618CE6E7FF1C}"
EndProject
Project("{2150E333-8FDC-42A3-9474-1A3956D46DE8}") = "Infrastructure", "Infrastructure", "{DFA5520B-DE5C-44A3-AA9F-8FBE8C68FEE4}"
EndProject
Project("{9A19103F-16F7-4668-BE54-9A1E7A4F7556}") = "ETicaretAPI.Infrastructure", "Infrastructure\ETicaretAPI.Infrastructure\ETicaretAPI.Infrastructure.csproj", "{26D2DFB6-41AA-48C1-B5C0-BCC8FD389DB4}"
EndProject
Project("{9A19103F-16F7-4668-BE54-9A1E7A4F7556}") = "ETicaretAPI.Persistence", "Infrastructure\ETicaretAPI.Persistence\ETicaretAPI.Persistence.csproj", "{C486215F-60C9-48D6-A24A-90D502983B18}"
EndProject
Project("{2150E333-8FDC-42A3-9474-1A3956D46DE8}") = "Presentation", "Presentation", "{F7C40B5B-75A7-460F-8636-D06EF92D7A47}"
EndProject
Project("{9A19103F-16F7-4668-BE54-9A1E7A4F7556}") = "ETicaretAPI.API", "Presentation\ETicaretAPI.API\ETicaretAPI.API.csproj", "{29F4A308-613C-4766-8934-E1538FD3C93F}"
EndProject
Global
	GlobalSection(SolutionConfigurationPlatforms) = preSolution
		Debug|Any CPU = Debug|Any CPU
		Release|Any CPU = Release|Any CPU
	EndGlobalSection
	GlobalSection(ProjectConfigurationPlatforms) = postSolution
		{0B86A14A-819D-4D74-892F-2F6E173F1274}.Debug|Any CPU.ActiveCfg = Debug|Any CPU
		{0B86A14A-819D-4D74-892F-2F6E173F1274}.Debug|Any CPU.Build.0 = Debug|Any CPU
		{0B86A14A-819D-4D74-892F-2F6E173F1274}.Release|Any CPU.ActiveCfg = Release|Any CPU
		{0B86A14A-819D-4D74-892F-2F6E173F1274}.Release|Any CPU.Build.0 = Release|Any CPU
		{50B11823-9315-4FF1-8ABD-618CE6E7FF1C}.Debug|Any CPU.ActiveCfg = Debug|Any CPU
		{50B11823-9315-4FF1-8ABD-618CE6E7FF1C}.Debug|Any CPU.Build.0 = Debug|Any CPU
		{50B11823-9315-4FF1-8ABD-618CE6E7FF1C}.Release|Any CPU.ActiveCfg = Release|Any CPU
		{50B11823-9315-4FF1-8ABD-618CE6E7FF1C}.Release|Any CPU.Build.0 = Release|Any CPU
		{26D2DFB6-41AA-48C1-B5C0-BCC8FD389DB4}.Debug|Any CPU.ActiveCfg = Debug|Any CPU
		{26D2DFB6-41AA-48C1-B5C0-BCC8FD389DB4}.Debug|Any CPU.Build.0 = Debug|Any CPU
		{26D2DFB6-41AA-48C1-B5C0-BCC8FD389DB4}.Release|Any CPU.ActiveCfg = Release|Any CPU
		{26D2DFB6-41AA-48C1-B5C0-BCC8FD389DB4}.Release|Any CPU.Build.0 = Release|Any CPU
		{C486215F-60C9-48D6-A24A-90D502983B18}.Debug|Any CPU.ActiveCfg = Debug|Any CPU
		{C486215F-60C9-48D6-A24A-90D502983B18}.Debug|Any CPU.Build.0 = Debug|Any CPU
		{C486215F-60C9-48D6-A24A-90D502983B18}.Release|Any CPU.ActiveCfg = Release|Any CPU
		{C486215F-60C9-48D6-A24A-90D502983B18}.Release|Any CPU.Build.0 = Release|Any CPU
		{29F4A308-613C-4766-8934-E1538FD3C93F}.Debug|Any CPU.ActiveCfg = Debug|Any CPU
		{29F4A308-613C-4766-8934-E1538FD3C93F}.Debug|Any CPU.Build.0 = Debug|Any CPU
		{29F4A308-613C-4766-8934-E1538FD3C93F}.Release|Any CPU.ActiveCfg = Release|Any CPU
		{29F4A308-613C-4766-8934-E1538FD3C93F}.Release|Any CPU.Build.0 = Release|Any CPU
	EndGlobalSection
	GlobalSection(SolutionProperties) = preSolution
		HideSolutionNode = FALSE
	EndGlobalSection
	GlobalSection(NestedProjects) = preSolution
		{0B86A14A-819D-4D74-892F-2F6E173F1274} = {FA874C62-28AA-45E0-BB74-D9ED87B37CC1}
		{50B11823-9315-4FF1-8ABD-618CE6E7FF1C} = {FA874C62-28AA-45E0-BB74-D9ED87B37CC1}
		{26D2DFB6-41AA-48C1-B5C0-BCC8FD389DB4} = {DFA5520B-DE5C-44A3-AA9F-8FBE8C68FEE4}
		{C486215F-60C9-48D6-A24A-90D502983B18} = {DFA5520B-DE5C-44A3-AA9F-8FBE8C68FEE4}
		{29F4A308-613C-4766-8934-E1538FD3C93F} = {F7C40B5B-75A7-460F-8636-D06EF92D7A47}
	EndGlobalSection
	GlobalSection(ExtensibilityGlobals) = postSolution
		SolutionGuid = {45F0C077-1A13-4551-810C-943D073013A9}
	EndGlobalSection
EndGlobal
